<?xml version="1.0" encoding="utf-8"?>
<Project ToolsVersion="4.0" xmlns="http://schemas.microsoft.com/developer/msbuild/2003">
  <ItemGroup>
    <Filter Include="src">
      <UniqueIdentifier>{2DAB880B-99B4-887C-2230-9F7C8E38947C}</UniqueIdentifier>
    </Filter>
    <Filter Include="src\Myu">
      <UniqueIdentifier>{17972FA9-8376-AE44-8C8E-391BF8EC14A6}</UniqueIdentifier>
    </Filter>
    <Filter Include="src\Myu\Core">
      <UniqueIdentifier>{CFC1A532-BB24-35D7-64AA-6D8D50EC005A}</UniqueIdentifier>
    </Filter>
    <Filter Include="src\Myu\VulkanWrapper">
      <UniqueIdentifier>{58EB901B-C457-4C16-8D4B-E473F9766E7E}</UniqueIdentifier>
    </Filter>
    <Filter Include="vendor">
      <UniqueIdentifier>{B3738122-9F15-ACF8-88D0-BF4C74113349}</UniqueIdentifier>
    </Filter>
    <Filter Include="vendor\Windows">
      <UniqueIdentifier>{ED2055F3-D9EE-48F9-C282-B91FAEEF245E}</UniqueIdentifier>
    </Filter>
    <Filter Include="vendor\Windows\imgui">
      <UniqueIdentifier>{176CA35F-03FB-2C29-AC19-412498873DCF}</UniqueIdentifier>
    </Filter>
    <Filter Include="vendor\Windows\imgui\backends">
      <UniqueIdentifier>{2170C566-8D88-AC90-5635-3C2AC20C412A}</UniqueIdentifier>
    </Filter>
  </ItemGroup>
  <ItemGroup>
    <ClInclude Include="src\Myu\Core\Application.hpp">
      <Filter>src\Myu\Core</Filter>
    </ClInclude>
    <ClInclude Include="src\Myu\Core\Camera.hpp">
      <Filter>src\Myu\Core</Filter>
    </ClInclude>
    <ClInclude Include="src\Myu\Core\KeyboardListener.hpp">
      <Filter>src\Myu\Core</Filter>
    </ClInclude>
    <ClInclude Include="src\Myu\Core\RenderObject.hpp">
      <Filter>src\Myu\Core</Filter>
    </ClInclude>
    <ClInclude Include="src\Myu\Core\Utils.hpp">
      <Filter>src\Myu\Core</Filter>
    </ClInclude>
    <ClInclude Include="src\Myu\Core\Window.hpp">
      <Filter>src\Myu\Core</Filter>
    </ClInclude>
    <ClInclude Include="src\Myu\Myu.hpp">
      <Filter>src\Myu</Filter>
    </ClInclude>
    <ClInclude Include="src\Myu\VulkanWrapper\Vulkan.hpp">
      <Filter>src\Myu\VulkanWrapper</Filter>
    </ClInclude>
    <ClInclude Include="src\Myu\VulkanWrapper\VulkanCamera.hpp">
      <Filter>src\Myu\VulkanWrapper</Filter>
    </ClInclude>
    <ClInclude Include="src\Myu\VulkanWrapper\VulkanDevice.hpp">
      <Filter>src\Myu\VulkanWrapper</Filter>
    </ClInclude>
    <ClInclude Include="src\Myu\VulkanWrapper\VulkanModel.hpp">
      <Filter>src\Myu\VulkanWrapper</Filter>
    </ClInclude>
    <ClInclude Include="src\Myu\VulkanWrapper\VulkanPipeline.hpp">
      <Filter>src\Myu\VulkanWrapper</Filter>
    </ClInclude>
    <ClInclude Include="src\Myu\VulkanWrapper\VulkanRenderer.hpp">
      <Filter>src\Myu\VulkanWrapper</Filter>
    </ClInclude>
    <ClInclude Include="src\Myu\VulkanWrapper\VulkanSwapchain.hpp">
      <Filter>src\Myu\VulkanWrapper</Filter>
    </ClInclude>
  </ItemGroup>
  <ItemGroup>
    <ClCompile Include="src\Myu\Core\Application.cpp">
      <Filter>src\Myu\Core</Filter>
    </ClCompile>
    <ClCompile Include="src\Myu\Core\Camera.cpp">
      <Filter>src\Myu\Core</Filter>
    </ClCompile>
    <ClCompile Include="src\Myu\Core\KeyboardListener.cpp">
      <Filter>src\Myu\Core</Filter>
    </ClCompile>
    <ClCompile Include="src\Myu\Core\RenderObject.cpp">
      <Filter>src\Myu\Core</Filter>
    </ClCompile>
    <ClCompile Include="src\Myu\Core\Utils.cpp">
      <Filter>src\Myu\Core</Filter>
    </ClCompile>
    <ClCompile Include="src\Myu\Core\Window.cpp">
      <Filter>src\Myu\Core</Filter>
    </ClCompile>
    <ClCompile Include="src\Myu\VulkanWrapper\Vulkan.cpp">
      <Filter>src\Myu\VulkanWrapper</Filter>
    </ClCompile>
    <ClCompile Include="src\Myu\VulkanWrapper\VulkanCamera.cpp">
      <Filter>src\Myu\VulkanWrapper</Filter>
    </ClCompile>
    <ClCompile Include="src\Myu\VulkanWrapper\VulkanDevice.cpp">
      <Filter>src\Myu\VulkanWrapper</Filter>
    </ClCompile>
    <ClCompile Include="src\Myu\VulkanWrapper\VulkanModel.cpp">
      <Filter>src\Myu\VulkanWrapper</Filter>
    </ClCompile>
    <ClCompile Include="src\Myu\VulkanWrapper\VulkanPipeline.cpp">
      <Filter>src\Myu\VulkanWrapper</Filter>
    </ClCompile>
    <ClCompile Include="src\Myu\VulkanWrapper\VulkanRenderer.cpp">
      <Filter>src\Myu\VulkanWrapper</Filter>
    </ClCompile>
    <ClCompile Include="src\Myu\VulkanWrapper\VulkanSwapchain.cpp">
      <Filter>src\Myu\VulkanWrapper</Filter>
    </ClCompile>
    <ClCompile Include="vendor\Windows\imgui\backends\imgui_impl_glfw.cpp">
      <Filter>vendor\Windows\imgui\backends</Filter>
    </ClCompile>
    <ClCompile Include="vendor\Windows\imgui\backends\imgui_impl_vulkan.cpp">
      <Filter>vendor\Windows\imgui\backends</Filter>
    </ClCompile>
    <ClCompile Include="vendor\Windows\imgui\imgui.cpp">
      <Filter>vendor\Windows\imgui</Filter>
    </ClCompile>
    <ClCompile Include="vendor\Windows\imgui\imgui_demo.cpp">
      <Filter>vendor\Windows\imgui</Filter>
    </ClCompile>
    <ClCompile Include="vendor\Windows\imgui\imgui_draw.cpp">
      <Filter>vendor\Windows\imgui</Filter>
    </ClCompile>
    <ClCompile Include="vendor\Windows\imgui\imgui_tables.cpp">
      <Filter>vendor\Windows\imgui</Filter>
    </ClCompile>
    <ClCompile Include="vendor\Windows\imgui\imgui_widgets.cpp">
      <Filter>vendor\Windows\imgui</Filter>
    </ClCompile>
  </ItemGroup>
</Project>